# This file is automatically @generated by Cargo.
# It is not intended for manual editing.
version = 3

[[package]]
name = "ahash"
version = "0.8.11"
source = "registry+https://github.com/rust-lang/crates.io-index"
checksum = "e89da841a80418a9b391ebaea17f5c112ffaaa96f621d2c285b5174da76b9011"
dependencies = [
 "cfg-if",
 "once_cell",
 "version_check",
 "zerocopy",
]

[[package]]
name = "alloy-primitives"
version = "0.6.2"
source = "registry+https://github.com/rust-lang/crates.io-index"
checksum = "f4b6fb2b432ff223d513db7f908937f63c252bee0af9b82bfd25b0a5dd1eb0d8"
dependencies = [
 "bytes",
 "cfg-if",
 "const-hex",
 "derive_more",
 "hex-literal",
 "itoa",
 "ruint",
 "tiny-keccak 2.0.2",
]

[[package]]
name = "alloy-sol-macro"
version = "0.6.2"
source = "registry+https://github.com/rust-lang/crates.io-index"
checksum = "8b0b5ab0cb07c21adf9d72e988b34e8200ce648c2bba8d009183bb1c50fb1216"
dependencies = [
 "const-hex",
 "dunce",
 "heck",
 "indexmap 2.1.0",
 "proc-macro-error",
 "proc-macro2",
 "quote",
 "syn 2.0.32",
 "syn-solidity",
 "tiny-keccak 2.0.2",
]

[[package]]
name = "alloy-sol-types"
version = "0.6.2"
source = "registry+https://github.com/rust-lang/crates.io-index"
checksum = "6c08f62ded7ce03513bfb60ef5cad4fff5d4f67eac6feb4df80426b7b9ffb06e"
dependencies = [
 "alloy-primitives",
 "alloy-sol-macro",
 "const-hex",
]

[[package]]
name = "anyhow"
version = "1.0.66"
source = "registry+https://github.com/rust-lang/crates.io-index"
checksum = "216261ddc8289130e551ddcd5ce8a064710c0d064a4d2895c67151c92b5443f6"

[[package]]
name = "arrayref"
version = "0.3.6"
source = "registry+https://github.com/rust-lang/crates.io-index"
checksum = "a4c527152e37cf757a3f78aae5a06fbeefdb07ccc535c980a3208ee3060dd544"

[[package]]
name = "arrayvec"
version = "0.7.2"
source = "registry+https://github.com/rust-lang/crates.io-index"
checksum = "8da52d66c7071e2e3fa2a1e5c6d088fec47b593032b254f5e980de8ea54454d6"

[[package]]
name = "attestation-report"
version = "0.1.0"
dependencies = [
 "base64 0.22.1",
 "chrono",
 "crypto",
 "flex-error",
 "hex",
 "lcp-types",
 "pem",
 "serde",
 "serde_json",
 "sgx_types",
]

[[package]]
name = "autocfg"
version = "1.1.0"
source = "registry+https://github.com/rust-lang/crates.io-index"
checksum = "d468802bab17cbc0cc575e9b053f41e72aa36bfa6b7f55e3529ffa43161b97fa"

[[package]]
name = "base64"
version = "0.13.1"
source = "registry+https://github.com/rust-lang/crates.io-index"
checksum = "9e1b586273c5702936fe7b7d6896644d8be71e6314cfe09d3167c95f712589e8"

[[package]]
name = "base64"
version = "0.21.7"
source = "registry+https://github.com/rust-lang/crates.io-index"
checksum = "9d297deb1925b89f2ccc13d7635fa0714f12c87adce1c75356b39ca9b7178567"

[[package]]
name = "base64"
version = "0.22.1"
source = "registry+https://github.com/rust-lang/crates.io-index"
checksum = "72b3254f16251a8381aa12e40e3c4d2f0199f8c6508fbecb9d91f575e0fbb8c6"

[[package]]
name = "bincode"
version = "2.0.0-rc.3"
source = "registry+https://github.com/rust-lang/crates.io-index"
checksum = "f11ea1a0346b94ef188834a65c068a03aec181c94896d481d7a0a40d85b0ce95"
dependencies = [
 "serde",
]

[[package]]
name = "bitflags"
version = "2.4.2"
source = "registry+https://github.com/rust-lang/crates.io-index"
checksum = "ed570934406eb16438a4e976b1b4500774099c13b8cb96eec99f620f05090ddf"

[[package]]
name = "block-buffer"
version = "0.9.0"
source = "registry+https://github.com/rust-lang/crates.io-index"
checksum = "4152116fd6e9dadb291ae18fc1ec3575ed6d84c29642d97890f4b4a3417297e4"
dependencies = [
 "generic-array",
]

[[package]]
name = "block-buffer"
version = "0.10.3"
source = "registry+https://github.com/rust-lang/crates.io-index"
checksum = "69cce20737498f97b993470a6e536b8523f0af7892a4f928cceb1ac5e52ebe7e"
dependencies = [
 "generic-array",
]

[[package]]
name = "borsh"
version = "0.10.2"
source = "registry+https://github.com/rust-lang/crates.io-index"
checksum = "40f9ca3698b2e4cb7c15571db0abc5551dca417a21ae8140460b50309bb2cc62"
dependencies = [
 "borsh-derive",
 "hashbrown 0.13.2",
]

[[package]]
name = "borsh-derive"
version = "0.10.2"
source = "registry+https://github.com/rust-lang/crates.io-index"
checksum = "598b3eacc6db9c3ee57b22707ad8f6a8d2f6d442bfe24ffeb8cbb70ca59e6a35"
dependencies = [
 "borsh-derive-internal",
 "borsh-schema-derive-internal",
 "proc-macro-crate 0.1.5",
 "proc-macro2",
 "syn 1.0.103",
]

[[package]]
name = "borsh-derive-internal"
version = "0.10.2"
source = "registry+https://github.com/rust-lang/crates.io-index"
checksum = "186b734fa1c9f6743e90c95d7233c9faab6360d1a96d4ffa19d9cfd1e9350f8a"
dependencies = [
 "proc-macro2",
 "quote",
 "syn 1.0.103",
]

[[package]]
name = "borsh-schema-derive-internal"
version = "0.10.2"
source = "registry+https://github.com/rust-lang/crates.io-index"
checksum = "99b7ff1008316626f485991b960ade129253d4034014616b94f309a15366cc49"
dependencies = [
 "proc-macro2",
 "quote",
 "syn 1.0.103",
]

[[package]]
name = "byte-slice-cast"
version = "1.2.2"
source = "registry+https://github.com/rust-lang/crates.io-index"
checksum = "c3ac9f8b63eca6fd385229b3675f6cc0dc5c8a5c8a54a59d4f52ffd670d87b0c"

[[package]]
name = "byteorder"
version = "1.4.3"
source = "registry+https://github.com/rust-lang/crates.io-index"
checksum = "14c189c53d098945499cdfa7ecc63567cf3886b3332b312a5b4585d8d3a6a610"

[[package]]
name = "bytes"
version = "1.2.1"
source = "registry+https://github.com/rust-lang/crates.io-index"
checksum = "ec8a7b6a70fde80372154c65702f00a0f56f3e1c36abbc6c440484be248856db"
dependencies = [
 "serde",
]

[[package]]
name = "cfg-if"
version = "1.0.0"
source = "registry+https://github.com/rust-lang/crates.io-index"
checksum = "baf1de4339761588bc0619e3cbc0120ee582ebb74b53b4efbf79117bd2da40fd"

[[package]]
name = "chrono"
version = "0.4.38"
source = "registry+https://github.com/rust-lang/crates.io-index"
checksum = "a21f936df1771bf62b77f047b726c4625ff2e8aa607c01ec06e5a05bd8463401"
dependencies = [
 "num-traits",
 "serde",
]

[[package]]
name = "commitments"
version = "0.1.0"
dependencies = [
 "alloy-sol-types",
 "crypto",
 "flex-error",
 "hex",
 "lcp-types",
 "prost",
 "serde",
 "sha2 0.10.6",
]

[[package]]
name = "const-hex"
version = "1.10.0"
source = "registry+https://github.com/rust-lang/crates.io-index"
checksum = "a5104de16b218eddf8e34ffe2f86f74bfa4e61e95a1b89732fccf6325efd0557"
dependencies = [
 "cfg-if",
 "cpufeatures",
 "hex",
 "proptest",
 "serde",
]

[[package]]
name = "context"
version = "0.1.0"
dependencies = [
 "crypto",
 "lcp-types",
 "light-client",
 "store",
]

[[package]]
name = "convert_case"
version = "0.4.0"
source = "registry+https://github.com/rust-lang/crates.io-index"
checksum = "6245d59a3e82a7fc217c5828a6692dbc6dfb63a0c8c90495621f7b9d79704a0e"

[[package]]
name = "cpufeatures"
version = "0.2.5"
source = "registry+https://github.com/rust-lang/crates.io-index"
checksum = "28d997bd5e24a5928dd43e46dc529867e207907fe0b239c3477d924f7f2ca320"
dependencies = [
 "libc",
]

[[package]]
name = "crunchy"
version = "0.2.2"
source = "registry+https://github.com/rust-lang/crates.io-index"
checksum = "7a81dae078cea95a014a339291cec439d2f232ebe854a9d672b796c6afafa9b7"

[[package]]
name = "crypto"
version = "0.1.0"
dependencies = [
 "flex-error",
 "hex",
 "libsecp256k1",
 "serde",
 "serde-big-array",
 "sgx_trts",
 "sgx_tseal",
 "sgx_types",
 "tiny-keccak 1.5.0",
]

[[package]]
name = "crypto-common"
version = "0.1.6"
source = "registry+https://github.com/rust-lang/crates.io-index"
checksum = "1bfb12502f3fc46cca1bb51ac28df9d618d813cdc3d2f25b9fe775a34af26bb3"
dependencies = [
 "generic-array",
 "typenum",
]

[[package]]
name = "crypto-mac"
version = "0.8.0"
source = "registry+https://github.com/rust-lang/crates.io-index"
checksum = "b584a330336237c1eecd3e94266efb216c56ed91225d634cb2991c5f3fd1aeab"
dependencies = [
 "generic-array",
 "subtle",
]

[[package]]
name = "curve25519-dalek-ng"
version = "4.1.1"
source = "registry+https://github.com/rust-lang/crates.io-index"
checksum = "1c359b7249347e46fb28804470d071c921156ad62b3eef5d34e2ba867533dec8"
dependencies = [
 "byteorder",
 "digest 0.9.0",
 "rand_core",
 "subtle-ng",
 "zeroize",
]

[[package]]
name = "darling"
version = "0.20.10"
source = "registry+https://github.com/rust-lang/crates.io-index"
checksum = "6f63b86c8a8826a49b8c21f08a2d07338eec8d900540f8630dc76284be802989"
dependencies = [
 "darling_core",
 "darling_macro",
]

[[package]]
name = "darling_core"
version = "0.20.10"
source = "registry+https://github.com/rust-lang/crates.io-index"
checksum = "95133861a8032aaea082871032f5815eb9e98cef03fa916ab4500513994df9e5"
dependencies = [
 "fnv",
 "ident_case",
 "proc-macro2",
 "quote",
 "strsim",
 "syn 2.0.32",
]

[[package]]
name = "darling_macro"
version = "0.20.10"
source = "registry+https://github.com/rust-lang/crates.io-index"
checksum = "d336a2a514f6ccccaa3e09b02d41d35330c07ddf03a62165fcec10bb561c7806"
dependencies = [
 "darling_core",
 "quote",
 "syn 2.0.32",
]

[[package]]
name = "derive_more"
version = "0.99.17"
source = "registry+https://github.com/rust-lang/crates.io-index"
checksum = "4fb810d30a7c1953f91334de7244731fc3f3c10d7fe163338a35b9f640960321"
dependencies = [
 "convert_case",
 "proc-macro2",
 "quote",
 "rustc_version",
 "syn 1.0.103",
]

[[package]]
name = "digest"
version = "0.9.0"
source = "registry+https://github.com/rust-lang/crates.io-index"
checksum = "d3dd60d1080a57a05ab032377049e0591415d2b31afd7028356dbf3cc6dcb066"
dependencies = [
 "generic-array",
]

[[package]]
name = "digest"
version = "0.10.5"
source = "registry+https://github.com/rust-lang/crates.io-index"
checksum = "adfbc57365a37acbd2ebf2b64d7e69bb766e2fea813521ed536f5d0520dcf86c"
dependencies = [
 "block-buffer 0.10.3",
 "crypto-common",
]

[[package]]
name = "displaydoc"
version = "0.2.3"
source = "registry+https://github.com/rust-lang/crates.io-index"
checksum = "3bf95dc3f046b9da4f2d51833c0d3547d8564ef6910f5c1ed130306a75b92886"
dependencies = [
 "proc-macro2",
 "quote",
 "syn 1.0.103",
]

[[package]]
name = "dunce"
version = "1.0.4"
source = "registry+https://github.com/rust-lang/crates.io-index"
checksum = "56ce8c6da7551ec6c462cbaf3bfbc75131ebbfa1c944aeaa9dab51ca1c5f0c3b"

[[package]]
name = "dyn-clone"
version = "1.0.10"
source = "registry+https://github.com/rust-lang/crates.io-index"
checksum = "c9b0705efd4599c15a38151f4721f7bc388306f61084d3bfd50bd07fbca5cb60"

[[package]]
name = "ecall-commands"
version = "0.1.0"
dependencies = [
 "commitments",
 "crypto",
 "flex-error",
 "lcp-types",
 "serde",
 "serde_with",
 "sgx_types",
 "store",
]

[[package]]
name = "ecall-handler"
version = "0.1.0"
dependencies = [
 "attestation-report",
 "context",
 "crypto",
 "ecall-commands",
 "enclave-environment",
 "flex-error",
 "lcp-types",
 "light-client",
 "sgx_tse",
 "sgx_types",
 "store",
]

[[package]]
name = "ed25519"
version = "1.5.3"
source = "registry+https://github.com/rust-lang/crates.io-index"
checksum = "91cff35c70bba8a626e3185d8cd48cc11b5437e1a5bcd15b9b5fa3c64b6dfee7"
dependencies = [
 "signature",
]

[[package]]
name = "ed25519-consensus"
version = "2.1.0"
source = "registry+https://github.com/rust-lang/crates.io-index"
checksum = "3c8465edc8ee7436ffea81d21a019b16676ee3db267aa8d5a8d729581ecf998b"
dependencies = [
 "curve25519-dalek-ng",
 "hex",
 "rand_core",
 "sha2 0.9.9",
 "zeroize",
]

[[package]]
name = "either"
version = "1.8.0"
source = "registry+https://github.com/rust-lang/crates.io-index"
checksum = "90e5c1c8368803113bf0c9584fc495a58b86dc8a29edbf8fe877d21d9507e797"

[[package]]
name = "enclave"
version = "0.1.0"
dependencies = [
 "enclave-runtime",
 "tendermint-lc",
]

[[package]]
name = "enclave-environment"
version = "0.1.0"
dependencies = [
 "host-api",
 "light-client",
 "store",
]

[[package]]
name = "enclave-runtime"
version = "0.1.0"
dependencies = [
 "bincode",
 "ecall-commands",
 "ecall-handler",
 "enclave-environment",
 "enclave-utils",
 "flex-error",
 "log",
 "once_cell",
 "sgx_no_tstd",
 "sgx_trts",
 "sgx_types",
]

[[package]]
name = "enclave-utils"
version = "0.1.0"
dependencies = [
 "log",
 "sgx_trts",
 "sgx_types",
]

[[package]]
name = "equivalent"
version = "1.0.1"
source = "registry+https://github.com/rust-lang/crates.io-index"
checksum = "5443807d6dff69373d433ab9ef5378ad8df50ca6298caf15de6e52e24aaf54d5"

[[package]]
name = "erased-serde"
version = "0.3.24"
source = "registry+https://github.com/rust-lang/crates.io-index"
checksum = "e4ca605381c017ec7a5fef5e548f1cfaa419ed0f6df6367339300db74c92aa7d"
dependencies = [
 "serde",
]

[[package]]
name = "fixed-hash"
version = "0.8.0"
source = "registry+https://github.com/rust-lang/crates.io-index"
checksum = "835c052cb0c08c1acf6ffd71c022172e18723949c8282f2b9f27efbc51e64534"
dependencies = [
 "static_assertions",
]

[[package]]
name = "flex-error"
version = "0.4.4"
source = "registry+https://github.com/rust-lang/crates.io-index"
checksum = "c606d892c9de11507fa0dcffc116434f94e105d0bbdc4e405b61519464c49d7b"
dependencies = [
 "paste",
]

[[package]]
name = "fnv"
version = "1.0.7"
source = "registry+https://github.com/rust-lang/crates.io-index"
checksum = "3f9eec918d3f24069decb9af1554cad7c880e2da24a9afd88aca000531ab82c1"

[[package]]
name = "futures"
version = "0.3.25"
source = "registry+https://github.com/rust-lang/crates.io-index"
checksum = "38390104763dc37a5145a53c29c63c1290b5d316d6086ec32c293f6736051bb0"
dependencies = [
 "futures-channel",
 "futures-core",
 "futures-io",
 "futures-sink",
 "futures-task",
 "futures-util",
]

[[package]]
name = "futures-channel"
version = "0.3.25"
source = "registry+https://github.com/rust-lang/crates.io-index"
checksum = "52ba265a92256105f45b719605a571ffe2d1f0fea3807304b522c1d778f79eed"
dependencies = [
 "futures-core",
 "futures-sink",
]

[[package]]
name = "futures-core"
version = "0.3.25"
source = "registry+https://github.com/rust-lang/crates.io-index"
checksum = "04909a7a7e4633ae6c4a9ab280aeb86da1236243a77b694a49eacd659a4bd3ac"

[[package]]
name = "futures-io"
version = "0.3.25"
source = "registry+https://github.com/rust-lang/crates.io-index"
checksum = "00f5fb52a06bdcadeb54e8d3671f8888a39697dcb0b81b23b55174030427f4eb"

[[package]]
name = "futures-sink"
version = "0.3.25"
source = "registry+https://github.com/rust-lang/crates.io-index"
checksum = "39c15cf1a4aa79df40f1bb462fb39676d0ad9e366c2a33b590d7c66f4f81fcf9"

[[package]]
name = "futures-task"
version = "0.3.25"
source = "registry+https://github.com/rust-lang/crates.io-index"
checksum = "2ffb393ac5d9a6eaa9d3fdf37ae2776656b706e200c8e16b1bdb227f5198e6ea"

[[package]]
name = "futures-util"
version = "0.3.25"
source = "registry+https://github.com/rust-lang/crates.io-index"
checksum = "197676987abd2f9cadff84926f410af1c183608d36641465df73ae8211dc65d6"
dependencies = [
 "futures-core",
 "futures-sink",
 "futures-task",
 "pin-project-lite",
 "pin-utils",
]

[[package]]
name = "generic-array"
version = "0.14.6"
source = "registry+https://github.com/rust-lang/crates.io-index"
checksum = "bff49e947297f3312447abdca79f45f4738097cc82b06e72054d2223f601f1b9"
dependencies = [
 "typenum",
 "version_check",
]

[[package]]
name = "hashbrown"
version = "0.12.3"
source = "registry+https://github.com/rust-lang/crates.io-index"
checksum = "8a9ee70c43aaf417c914396645a0fa852624801b24ebb7ae78fe8272889ac888"

[[package]]
name = "hashbrown"
version = "0.13.2"
source = "registry+https://github.com/rust-lang/crates.io-index"
checksum = "43a3c133739dddd0d2990f9a4bdf8eb4b21ef50e4851ca85ab661199821d510e"
dependencies = [
 "ahash",
]

[[package]]
name = "hashbrown"
version = "0.14.3"
source = "registry+https://github.com/rust-lang/crates.io-index"
checksum = "290f1a1d9242c78d09ce40a5e87e7554ee637af1351968159f4952f028f75604"

[[package]]
name = "heck"
version = "0.4.1"
source = "registry+https://github.com/rust-lang/crates.io-index"
checksum = "95505c38b4572b2d910cecb0281560f54b440a19336cbbcb27bf6ce6adc6f5a8"

[[package]]
name = "hex"
version = "0.4.3"
source = "registry+https://github.com/rust-lang/crates.io-index"
checksum = "7f24254aa9a54b5c858eaee2f5bccdb46aaf0e486a595ed5fd8f86ba55232a70"

[[package]]
name = "hex-literal"
version = "0.4.1"
source = "registry+https://github.com/rust-lang/crates.io-index"
checksum = "6fe2267d4ed49bc07b63801559be28c718ea06c4738b7a03c94df7386d2cde46"

[[package]]
name = "hmac"
version = "0.8.1"
source = "registry+https://github.com/rust-lang/crates.io-index"
checksum = "126888268dcc288495a26bf004b38c5fdbb31682f992c84ceb046a1f0fe38840"
dependencies = [
 "crypto-mac",
 "digest 0.9.0",
]

[[package]]
name = "hmac-drbg"
version = "0.3.0"
source = "registry+https://github.com/rust-lang/crates.io-index"
checksum = "17ea0a1394df5b6574da6e0c1ade9e78868c9fb0a4e5ef4428e32da4676b85b1"
dependencies = [
 "digest 0.9.0",
 "generic-array",
 "hmac",
]

[[package]]
name = "host-api"
version = "0.1.0"
dependencies = [
 "bincode",
 "flex-error",
 "ocall-commands",
 "sgx_types",
 "store",
]

[[package]]
name = "ibc"
version = "0.29.0"
source = "registry+https://github.com/rust-lang/crates.io-index"
checksum = "044ca92959973f4298efb14633c21772b592e7236b06789ba2e787fb952ce607"
dependencies = [
 "bytes",
 "derive_more",
 "displaydoc",
 "dyn-clone",
 "erased-serde",
 "ibc-proto",
 "ics23",
 "num-traits",
 "primitive-types",
 "prost",
 "safe-regex",
 "serde",
 "serde_derive",
 "serde_json",
 "sha2 0.10.6",
 "subtle-encoding",
 "tendermint",
 "tendermint-light-client-verifier",
 "tendermint-proto",
 "time",
 "tracing",
 "uint",
]

[[package]]
name = "ibc-proto"
version = "0.26.0"
source = "registry+https://github.com/rust-lang/crates.io-index"
checksum = "c9303a1308c886aea769ef0667c5caa422a78b01e9f8177fea8b91b08a4ff50c"
dependencies = [
 "base64 0.13.1",
 "borsh",
 "bytes",
 "flex-error",
 "parity-scale-codec",
 "prost",
 "scale-info",
 "serde",
 "subtle-encoding",
 "tendermint-proto",
]

[[package]]
name = "ics23"
version = "0.9.0"
source = "registry+https://github.com/rust-lang/crates.io-index"
checksum = "ca44b684ce1859cff746ff46f5765ab72e12e3c06f76a8356db8f9a2ecf43f17"
dependencies = [
 "anyhow",
 "bytes",
 "hex",
 "prost",
 "ripemd",
 "sha2 0.10.6",
 "sha3",
]

[[package]]
name = "ident_case"
version = "1.0.1"
source = "registry+https://github.com/rust-lang/crates.io-index"
checksum = "b9e0384b61958566e926dc50660321d12159025e767c18e043daf26b70104c39"

[[package]]
name = "impl-serde"
version = "0.4.0"
source = "registry+https://github.com/rust-lang/crates.io-index"
checksum = "ebc88fc67028ae3db0c853baa36269d398d5f45b6982f95549ff5def78c935cd"
dependencies = [
 "serde",
]

[[package]]
name = "impl-trait-for-tuples"
version = "0.2.2"
source = "registry+https://github.com/rust-lang/crates.io-index"
checksum = "11d7a9f6330b71fea57921c9b61c47ee6e84f72d394754eff6163ae67e7395eb"
dependencies = [
 "proc-macro2",
 "quote",
 "syn 1.0.103",
]

[[package]]
name = "indexmap"
version = "1.9.2"
source = "registry+https://github.com/rust-lang/crates.io-index"
checksum = "1885e79c1fc4b10f0e172c475f458b7f7b93061064d98c3293e98c5ba0c8b399"
dependencies = [
 "autocfg",
 "hashbrown 0.12.3",
]

[[package]]
name = "indexmap"
version = "2.1.0"
source = "registry+https://github.com/rust-lang/crates.io-index"
checksum = "d530e1a18b1cb4c484e6e34556a0d948706958449fca0cab753d649f2bce3d1f"
dependencies = [
 "equivalent",
 "hashbrown 0.14.3",
]

[[package]]
name = "itertools"
version = "0.10.5"
source = "registry+https://github.com/rust-lang/crates.io-index"
checksum = "b0fd2260e829bddf4cb6ea802289de2f86d6a7a690192fbe91b3f46e0f2c8473"
dependencies = [
 "either",
]

[[package]]
name = "itoa"
version = "1.0.4"
source = "registry+https://github.com/rust-lang/crates.io-index"
checksum = "4217ad341ebadf8d8e724e264f13e593e0648f5b3e94b3896a5df283be015ecc"

[[package]]
name = "keccak"
version = "0.1.3"
source = "registry+https://github.com/rust-lang/crates.io-index"
checksum = "3afef3b6eff9ce9d8ff9b3601125eec7f0c8cbac7abd14f355d053fa56c98768"
dependencies = [
 "cpufeatures",
]

[[package]]
name = "lcp-proto"
version = "0.1.0"
dependencies = [
 "ibc-proto",
 "prost",
 "serde",
]

[[package]]
name = "lcp-types"
version = "0.1.0"
dependencies = [
 "flex-error",
 "hex",
 "ibc",
 "lcp-proto",
 "prost",
 "serde",
 "serde_json",
 "sgx_types",
 "tendermint",
]

[[package]]
name = "libc"
version = "0.2.137"
source = "registry+https://github.com/rust-lang/crates.io-index"
checksum = "fc7fcc620a3bff7cdd7a365be3376c97191aeaccc2a603e600951e452615bf89"

[[package]]
name = "libm"
version = "0.2.8"
source = "registry+https://github.com/rust-lang/crates.io-index"
checksum = "4ec2a862134d2a7d32d7983ddcdd1c4923530833c9f2ea1a44fc5fa473989058"

[[package]]
name = "libsecp256k1"
version = "0.7.1"
source = "registry+https://github.com/rust-lang/crates.io-index"
checksum = "95b09eff1b35ed3b33b877ced3a691fc7a481919c7e29c53c906226fcf55e2a1"
dependencies = [
 "arrayref",
 "base64 0.13.1",
 "digest 0.9.0",
 "hmac-drbg",
 "libsecp256k1-core",
 "libsecp256k1-gen-ecmult",
 "libsecp256k1-gen-genmult",
 "rand",
 "serde",
 "sha2 0.9.9",
 "typenum",
]

[[package]]
name = "libsecp256k1-core"
version = "0.3.0"
source = "registry+https://github.com/rust-lang/crates.io-index"
checksum = "5be9b9bb642d8522a44d533eab56c16c738301965504753b03ad1de3425d5451"
dependencies = [
 "crunchy",
 "digest 0.9.0",
 "subtle",
]

[[package]]
name = "libsecp256k1-gen-ecmult"
version = "0.3.0"
source = "registry+https://github.com/rust-lang/crates.io-index"
checksum = "3038c808c55c87e8a172643a7d87187fc6c4174468159cb3090659d55bcb4809"
dependencies = [
 "libsecp256k1-core",
]

[[package]]
name = "libsecp256k1-gen-genmult"
version = "0.3.0"
source = "registry+https://github.com/rust-lang/crates.io-index"
checksum = "3db8d6ba2cec9eacc40e6e8ccc98931840301f1006e95647ceb2dd5c3aa06f7c"
dependencies = [
 "libsecp256k1-core",
]

[[package]]
name = "light-client"
version = "0.1.0"
dependencies = [
 "bincode",
 "commitments",
 "derive_more",
 "flex-error",
 "ibc",
 "lcp-types",
 "serde",
 "store",
]

[[package]]
name = "log"
version = "0.4.17"
source = "registry+https://github.com/rust-lang/crates.io-index"
checksum = "abb12e687cfb44aa40f41fc3978ef76448f9b6038cad6aef4259d3c095a2382e"
dependencies = [
 "cfg-if",
]

[[package]]
name = "memchr"
version = "2.5.0"
source = "registry+https://github.com/rust-lang/crates.io-index"
checksum = "2dffe52ecf27772e601905b7522cb4ef790d2cc203488bbd0e2fe85fcb74566d"

[[package]]
name = "nom8"
version = "0.2.0"
source = "registry+https://github.com/rust-lang/crates.io-index"
checksum = "ae01545c9c7fc4486ab7debaf2aad7003ac19431791868fb2e8066df97fad2f8"
dependencies = [
 "memchr",
]

[[package]]
name = "num-derive"
version = "0.3.3"
source = "registry+https://github.com/rust-lang/crates.io-index"
checksum = "876a53fff98e03a936a674b29568b0e605f06b29372c2489ff4de23f1949743d"
dependencies = [
 "proc-macro2",
 "quote",
 "syn 1.0.103",
]

[[package]]
name = "num-traits"
version = "0.2.15"
source = "registry+https://github.com/rust-lang/crates.io-index"
checksum = "578ede34cf02f8924ab9447f50c28075b4d3e5b269972345e7e0372b38c6cdcd"
dependencies = [
 "autocfg",
 "libm",
]

[[package]]
name = "ocall-commands"
version = "0.1.0"
dependencies = [
 "serde",
 "store",
]

[[package]]
name = "once_cell"
version = "1.19.0"
source = "registry+https://github.com/rust-lang/crates.io-index"
checksum = "3fdb12b2476b595f9358c5161aa467c2438859caa136dec86c26fdd2efe17b92"

[[package]]
name = "opaque-debug"
version = "0.3.0"
source = "registry+https://github.com/rust-lang/crates.io-index"
checksum = "624a8340c38c1b80fd549087862da4ba43e08858af025b236e509b6649fc13d5"

[[package]]
name = "parity-scale-codec"
version = "3.4.0"
source = "registry+https://github.com/rust-lang/crates.io-index"
checksum = "637935964ff85a605d114591d4d2c13c5d1ba2806dae97cea6bf180238a749ac"
dependencies = [
 "arrayvec",
 "byte-slice-cast",
 "impl-trait-for-tuples",
 "parity-scale-codec-derive",
]

[[package]]
name = "parity-scale-codec-derive"
version = "3.1.4"
source = "registry+https://github.com/rust-lang/crates.io-index"
checksum = "86b26a931f824dd4eca30b3e43bb4f31cd5f0d3a403c5f5ff27106b805bfde7b"
dependencies = [
 "proc-macro-crate 1.3.0",
 "proc-macro2",
 "quote",
 "syn 1.0.103",
]

[[package]]
name = "paste"
version = "1.0.9"
source = "registry+https://github.com/rust-lang/crates.io-index"
checksum = "b1de2e551fb905ac83f73f7aedf2f0cb4a0da7e35efa24a202a936269f1f18e1"

[[package]]
name = "pem"
version = "2.0.1"
source = "registry+https://github.com/rust-lang/crates.io-index"
checksum = "6b13fe415cdf3c8e44518e18a7c95a13431d9bdf6d15367d82b23c377fdd441a"
dependencies = [
 "base64 0.21.7",
]

[[package]]
name = "pin-project-lite"
version = "0.2.9"
source = "registry+https://github.com/rust-lang/crates.io-index"
checksum = "e0a7ae3ac2f1173085d398531c705756c94a4c56843785df85a60c1a0afac116"

[[package]]
name = "pin-utils"
version = "0.1.0"
source = "registry+https://github.com/rust-lang/crates.io-index"
checksum = "8b870d8c151b6f2fb93e84a13146138f05d02ed11c7e7c54f8826aaaf7c9f184"

[[package]]
name = "ppv-lite86"
version = "0.2.17"
source = "registry+https://github.com/rust-lang/crates.io-index"
checksum = "5b40af805b3121feab8a3c29f04d8ad262fa8e0561883e7653e024ae4479e6de"

[[package]]
name = "primitive-types"
version = "0.12.1"
source = "registry+https://github.com/rust-lang/crates.io-index"
checksum = "9f3486ccba82358b11a77516035647c34ba167dfa53312630de83b12bd4f3d66"
dependencies = [
 "fixed-hash",
 "impl-serde",
 "uint",
]

[[package]]
name = "proc-macro-crate"
version = "0.1.5"
source = "registry+https://github.com/rust-lang/crates.io-index"
checksum = "1d6ea3c4595b96363c13943497db34af4460fb474a95c43f4446ad341b8c9785"
dependencies = [
 "toml",
]

[[package]]
name = "proc-macro-crate"
version = "1.3.0"
source = "registry+https://github.com/rust-lang/crates.io-index"
checksum = "66618389e4ec1c7afe67d51a9bf34ff9236480f8d51e7489b7d5ab0303c13f34"
dependencies = [
 "once_cell",
 "toml_edit",
]

[[package]]
name = "proc-macro-error"
version = "1.0.4"
source = "registry+https://github.com/rust-lang/crates.io-index"
checksum = "da25490ff9892aab3fcf7c36f08cfb902dd3e71ca0f9f9517bea02a73a5ce38c"
dependencies = [
 "proc-macro-error-attr",
 "proc-macro2",
 "quote",
 "syn 1.0.103",
 "version_check",
]

[[package]]
name = "proc-macro-error-attr"
version = "1.0.4"
source = "registry+https://github.com/rust-lang/crates.io-index"
checksum = "a1be40180e52ecc98ad80b184934baf3d0d29f979574e439af5a55274b35f869"
dependencies = [
 "proc-macro2",
 "quote",
 "version_check",
]

[[package]]
name = "proc-macro2"
version = "1.0.66"
source = "registry+https://github.com/rust-lang/crates.io-index"
checksum = "18fb31db3f9bddb2ea821cde30a9f70117e3f119938b5ee630b7403aa6e2ead9"
dependencies = [
 "unicode-ident",
]

[[package]]
name = "proptest"
version = "1.4.0"
source = "registry+https://github.com/rust-lang/crates.io-index"
checksum = "31b476131c3c86cb68032fdc5cb6d5a1045e3e42d96b69fa599fd77701e1f5bf"
dependencies = [
 "bitflags",
 "num-traits",
 "rand",
 "rand_chacha",
 "rand_xorshift",
 "unarray",
]

[[package]]
name = "prost"
version = "0.11.6"
source = "registry+https://github.com/rust-lang/crates.io-index"
checksum = "21dc42e00223fc37204bd4aa177e69420c604ca4a183209a8f9de30c6d934698"
dependencies = [
 "bytes",
 "prost-derive",
]

[[package]]
name = "prost-derive"
version = "0.11.6"
source = "registry+https://github.com/rust-lang/crates.io-index"
checksum = "8bda8c0881ea9f722eb9629376db3d0b903b462477c1aafcb0566610ac28ac5d"
dependencies = [
 "anyhow",
 "itertools",
 "proc-macro2",
 "quote",
 "syn 1.0.103",
]

[[package]]
name = "prost-types"
version = "0.11.6"
source = "registry+https://github.com/rust-lang/crates.io-index"
checksum = "a5e0526209433e96d83d750dd81a99118edbc55739e7e61a46764fd2ad537788"
dependencies = [
 "bytes",
 "prost",
]

[[package]]
name = "quote"
version = "1.0.33"
source = "registry+https://github.com/rust-lang/crates.io-index"
checksum = "5267fca4496028628a95160fc423a33e8b2e6af8a5302579e322e4b520293cae"
dependencies = [
 "proc-macro2",
]

[[package]]
name = "rand"
version = "0.8.5"
source = "registry+https://github.com/rust-lang/crates.io-index"
checksum = "34af8d1a0e25924bc5b7c43c079c942339d8f0a8b57c39049bef581b46327404"
dependencies = [
 "rand_core",
]

[[package]]
name = "rand_chacha"
version = "0.3.1"
source = "registry+https://github.com/rust-lang/crates.io-index"
checksum = "e6c10a63a0fa32252be49d21e7709d4d4baf8d231c2dbce1eaa8141b9b127d88"
dependencies = [
 "ppv-lite86",
 "rand_core",
]

[[package]]
name = "rand_core"
version = "0.6.4"
source = "registry+https://github.com/rust-lang/crates.io-index"
checksum = "ec0be4795e2f6a28069bec0b5ff3e2ac9bafc99e6a9a7dc3547996c5c816922c"

[[package]]
name = "rand_xorshift"
version = "0.3.0"
source = "registry+https://github.com/rust-lang/crates.io-index"
checksum = "d25bf25ec5ae4a3f1b92f929810509a2f53d7dca2f50b794ff57e3face536c8f"
dependencies = [
 "rand_core",
]

[[package]]
name = "ripemd"
version = "0.1.3"
source = "registry+https://github.com/rust-lang/crates.io-index"
checksum = "bd124222d17ad93a644ed9d011a40f4fb64aa54275c08cc216524a9ea82fb09f"
dependencies = [
 "digest 0.10.5",
]

[[package]]
name = "ruint"
version = "1.11.1"
source = "registry+https://github.com/rust-lang/crates.io-index"
checksum = "608a5726529f2f0ef81b8fde9873c4bb829d6b5b5ca6be4d97345ddf0749c825"
dependencies = [
 "proptest",
 "rand",
 "ruint-macro",
 "serde",
 "valuable",
 "zeroize",
]

[[package]]
name = "ruint-macro"
version = "1.1.0"
source = "registry+https://github.com/rust-lang/crates.io-index"
checksum = "e666a5496a0b2186dbcd0ff6106e29e093c15591bde62c20d3842007c6978a09"

[[package]]
name = "rustc_version"
version = "0.4.0"
source = "registry+https://github.com/rust-lang/crates.io-index"
checksum = "bfa0f585226d2e68097d4f95d113b15b83a82e819ab25717ec0590d9584ef366"
dependencies = [
 "semver",
]

[[package]]
name = "ryu"
version = "1.0.11"
source = "registry+https://github.com/rust-lang/crates.io-index"
checksum = "4501abdff3ae82a1c1b477a17252eb69cee9e66eb915c1abaa4f44d873df9f09"

[[package]]
name = "safe-proc-macro2"
version = "1.0.36"
source = "registry+https://github.com/rust-lang/crates.io-index"
checksum = "814c536dcd27acf03296c618dab7ad62d28e70abd7ba41d3f34a2ce707a2c666"
dependencies = [
 "unicode-xid",
]

[[package]]
name = "safe-quote"
version = "1.0.15"
source = "registry+https://github.com/rust-lang/crates.io-index"
checksum = "77e530f7831f3feafcd5f1aae406ac205dd998436b4007c8e80f03eca78a88f7"
dependencies = [
 "safe-proc-macro2",
]

[[package]]
name = "safe-regex"
version = "0.2.5"
source = "registry+https://github.com/rust-lang/crates.io-index"
checksum = "a15289bf322e0673d52756a18194167f2378ec1a15fe884af6e2d2cb934822b0"
dependencies = [
 "safe-regex-macro",
]

[[package]]
name = "safe-regex-compiler"
version = "0.2.5"
source = "registry+https://github.com/rust-lang/crates.io-index"
checksum = "fba76fae590a2aa665279deb1f57b5098cbace01a0c5e60e262fcf55f7c51542"
dependencies = [
 "safe-proc-macro2",
 "safe-quote",
]

[[package]]
name = "safe-regex-macro"
version = "0.2.5"
source = "registry+https://github.com/rust-lang/crates.io-index"
checksum = "96c2e96b5c03f158d1b16ba79af515137795f4ad4e8de3f790518aae91f1d127"
dependencies = [
 "safe-proc-macro2",
 "safe-regex-compiler",
]

[[package]]
name = "scale-info"
version = "2.3.1"
source = "registry+https://github.com/rust-lang/crates.io-index"
checksum = "001cf62ece89779fd16105b5f515ad0e5cedcd5440d3dd806bb067978e7c3608"
dependencies = [
 "cfg-if",
 "derive_more",
 "parity-scale-codec",
 "scale-info-derive",
]

[[package]]
name = "scale-info-derive"
version = "2.3.1"
source = "registry+https://github.com/rust-lang/crates.io-index"
checksum = "303959cf613a6f6efd19ed4b4ad5bf79966a13352716299ad532cfb115f4205c"
dependencies = [
 "proc-macro-crate 1.3.0",
 "proc-macro2",
 "quote",
 "syn 1.0.103",
]

[[package]]
name = "semver"
version = "1.0.21"
source = "registry+https://github.com/rust-lang/crates.io-index"
checksum = "b97ed7a9823b74f99c7742f5336af7be5ecd3eeafcb1507d1fa93347b1d589b0"

[[package]]
name = "serde"
version = "1.0.185"
source = "registry+https://github.com/rust-lang/crates.io-index"
checksum = "be9b6f69f1dfd54c3b568ffa45c310d6973a5e5148fd40cf515acaf38cf5bc31"
dependencies = [
 "serde_derive",
]

[[package]]
name = "serde-big-array"
version = "0.5.1"
source = "registry+https://github.com/rust-lang/crates.io-index"
checksum = "11fc7cc2c76d73e0f27ee52abbd64eec84d46f370c88371120433196934e4b7f"
dependencies = [
 "serde",
]

[[package]]
name = "serde_bytes"
version = "0.11.7"
source = "registry+https://github.com/rust-lang/crates.io-index"
checksum = "cfc50e8183eeeb6178dcb167ae34a8051d63535023ae38b5d8d12beae193d37b"
dependencies = [
 "serde",
]

[[package]]
name = "serde_derive"
version = "1.0.185"
source = "registry+https://github.com/rust-lang/crates.io-index"
checksum = "dc59dfdcbad1437773485e0367fea4b090a2e0a16d9ffc46af47764536a298ec"
dependencies = [
 "proc-macro2",
 "quote",
 "syn 2.0.32",
]

[[package]]
name = "serde_json"
version = "1.0.87"
source = "registry+https://github.com/rust-lang/crates.io-index"
checksum = "6ce777b7b150d76b9cf60d28b55f5847135a003f7d7350c6be7a773508ce7d45"
dependencies = [
 "itoa",
 "ryu",
 "serde",
]

[[package]]
name = "serde_repr"
version = "0.1.9"
source = "registry+https://github.com/rust-lang/crates.io-index"
checksum = "1fe39d9fbb0ebf5eb2c7cb7e2a47e4f462fad1379f1166b8ae49ad9eae89a7ca"
dependencies = [
 "proc-macro2",
 "quote",
 "syn 1.0.103",
]

[[package]]
name = "serde_with"
version = "2.3.3"
source = "registry+https://github.com/rust-lang/crates.io-index"
checksum = "07ff71d2c147a7b57362cead5e22f772cd52f6ab31cfcd9edcd7f6aeb2a0afbe"
dependencies = [
 "base64 0.13.1",
 "chrono",
 "hex",
 "serde",
 "serde_json",
 "serde_with_macros",
 "time",
]

[[package]]
name = "serde_with_macros"
version = "2.3.3"
source = "registry+https://github.com/rust-lang/crates.io-index"
checksum = "881b6f881b17d13214e5d494c939ebab463d01264ce1811e9d4ac3a882e7695f"
dependencies = [
 "darling",
 "proc-macro2",
 "quote",
 "syn 2.0.32",
]

[[package]]
name = "sgx_alloc"
version = "1.1.6"
source = "git+https://github.com/apache/incubator-teaclave-sgx-sdk?rev=v1.1.6#c3d82372dff81e5bafb07f71bc8ad532d06b504e"

[[package]]
name = "sgx_build_helper"
version = "1.1.6"
source = "git+https://github.com/apache/incubator-teaclave-sgx-sdk?rev=v1.1.6#c3d82372dff81e5bafb07f71bc8ad532d06b504e"

[[package]]
name = "sgx_libc"
version = "1.1.6"
source = "git+https://github.com/apache/incubator-teaclave-sgx-sdk?rev=v1.1.6#c3d82372dff81e5bafb07f71bc8ad532d06b504e"
dependencies = [
 "sgx_types",
]

[[package]]
name = "sgx_no_tstd"
version = "1.1.6"
source = "git+https://github.com/apache/incubator-teaclave-sgx-sdk?rev=v1.1.6#c3d82372dff81e5bafb07f71bc8ad532d06b504e"
dependencies = [
 "sgx_alloc",
 "sgx_build_helper",
]

[[package]]
name = "sgx_tcrypto"
version = "1.1.6"
source = "git+https://github.com/apache/incubator-teaclave-sgx-sdk?rev=v1.1.6#c3d82372dff81e5bafb07f71bc8ad532d06b504e"
dependencies = [
 "sgx_types",
]

[[package]]
name = "sgx_trts"
version = "1.1.6"
source = "git+https://github.com/apache/incubator-teaclave-sgx-sdk?rev=v1.1.6#c3d82372dff81e5bafb07f71bc8ad532d06b504e"
dependencies = [
 "sgx_libc",
 "sgx_types",
]

[[package]]
name = "sgx_tse"
version = "1.1.6"
source = "git+https://github.com/apache/incubator-teaclave-sgx-sdk?rev=v1.1.6#c3d82372dff81e5bafb07f71bc8ad532d06b504e"
dependencies = [
 "sgx_types",
]

[[package]]
name = "sgx_tseal"
version = "1.1.6"
source = "git+https://github.com/apache/incubator-teaclave-sgx-sdk?rev=v1.1.6#c3d82372dff81e5bafb07f71bc8ad532d06b504e"
dependencies = [
 "sgx_tcrypto",
 "sgx_trts",
 "sgx_tse",
 "sgx_types",
]

[[package]]
name = "sgx_types"
version = "1.1.6"
source = "git+https://github.com/apache/incubator-teaclave-sgx-sdk?rev=v1.1.6#c3d82372dff81e5bafb07f71bc8ad532d06b504e"

[[package]]
name = "sha2"
version = "0.9.9"
source = "git+https://github.com/bluele/hashes?branch=0.9.9-sha256-hwa-disabled#2119233e1f4a24e1bd3d815055d452951c5881ac"
dependencies = [
 "block-buffer 0.9.0",
 "cfg-if",
 "cpufeatures",
 "digest 0.9.0",
 "opaque-debug",
]

[[package]]
name = "sha2"
version = "0.10.6"
source = "git+https://github.com/bluele/hashes?branch=0.10.6-sha256-hwa-disabled#d7be7095f363f7710570815cda8cbde24903f1b3"
dependencies = [
 "cfg-if",
 "cpufeatures",
 "digest 0.10.5",
]

[[package]]
name = "sha3"
version = "0.10.6"
source = "registry+https://github.com/rust-lang/crates.io-index"
checksum = "bdf0c33fae925bdc080598b84bc15c55e7b9a4a43b3c704da051f977469691c9"
dependencies = [
 "digest 0.10.5",
 "keccak",
]

[[package]]
name = "signature"
version = "1.6.4"
source = "registry+https://github.com/rust-lang/crates.io-index"
checksum = "74233d3b3b2f6d4b006dc19dee745e73e2a6bfb6f93607cd3b02bd5b00797d7c"

[[package]]
name = "static_assertions"
version = "1.1.0"
source = "registry+https://github.com/rust-lang/crates.io-index"
checksum = "a2eb9349b6444b326872e140eb1cf5e7c522154d69e7a0ffb0fb81c06b37543f"

[[package]]
name = "store"
version = "0.1.0"
dependencies = [
 "flex-error",
 "log",
 "serde",
]

[[package]]
name = "strsim"
version = "0.11.1"
source = "registry+https://github.com/rust-lang/crates.io-index"
checksum = "7da8b5736845d9f2fcb837ea5d9e2628564b3b043a70948a3f0b778838c5fb4f"

[[package]]
name = "subtle"
version = "2.4.1"
source = "registry+https://github.com/rust-lang/crates.io-index"
checksum = "6bdef32e8150c2a081110b42772ffe7d7c9032b606bc226c8260fd97e0976601"

[[package]]
name = "subtle-encoding"
version = "0.5.1"
source = "registry+https://github.com/rust-lang/crates.io-index"
checksum = "7dcb1ed7b8330c5eed5441052651dd7a12c75e2ed88f2ec024ae1fa3a5e59945"
dependencies = [
 "zeroize",
]

[[package]]
name = "subtle-ng"
version = "2.5.0"
source = "registry+https://github.com/rust-lang/crates.io-index"
checksum = "734676eb262c623cec13c3155096e08d1f8f29adce39ba17948b18dad1e54142"

[[package]]
name = "syn"
version = "1.0.103"
source = "registry+https://github.com/rust-lang/crates.io-index"
checksum = "a864042229133ada95abf3b54fdc62ef5ccabe9515b64717bcb9a1919e59445d"
dependencies = [
 "proc-macro2",
 "quote",
 "unicode-ident",
]

[[package]]
name = "syn"
version = "2.0.32"
source = "registry+https://github.com/rust-lang/crates.io-index"
checksum = "239814284fd6f1a4ffe4ca893952cdd93c224b6a1571c9a9eadd670295c0c9e2"
dependencies = [
 "proc-macro2",
 "quote",
 "unicode-ident",
]

[[package]]
name = "syn-solidity"
version = "0.6.2"
source = "registry+https://github.com/rust-lang/crates.io-index"
checksum = "63bef2e2c735acbc06874eca3a8506f02a3c4700e6e748afc92cc2e4220e8a03"
dependencies = [
 "paste",
 "proc-macro2",
 "quote",
 "syn 2.0.32",
]

[[package]]
name = "synstructure"
version = "0.12.6"
source = "registry+https://github.com/rust-lang/crates.io-index"
checksum = "f36bdaa60a83aca3921b5259d5400cbf5e90fc51931376a9bd4a0eb79aa7210f"
dependencies = [
 "proc-macro2",
 "quote",
 "syn 1.0.103",
 "unicode-xid",
]

[[package]]
name = "tendermint"
version = "0.29.1"
source = "registry+https://github.com/rust-lang/crates.io-index"
checksum = "cda53c85447577769cdfc94c10a56f34afef2c00e4108badb57fce6b1a0c75eb"
dependencies = [
 "bytes",
 "digest 0.10.5",
 "ed25519",
 "ed25519-consensus",
 "flex-error",
 "futures",
 "num-traits",
 "once_cell",
 "prost",
 "prost-types",
 "serde",
 "serde_bytes",
 "serde_json",
 "serde_repr",
 "sha2 0.10.6",
 "signature",
 "subtle",
 "subtle-encoding",
 "tendermint-proto",
 "time",
 "zeroize",
]

[[package]]
name = "tendermint-lc"
version = "0.1.0"
dependencies = [
 "crypto",
 "flex-error",
 "ibc",
 "lcp-proto",
 "light-client",
 "log",
 "serde",
 "tendermint-light-client-verifier",
]

[[package]]
name = "tendermint-light-client-verifier"
version = "0.29.1"
source = "registry+https://github.com/rust-lang/crates.io-index"
checksum = "11c3dc3c75f7a5708ac0bf98374b2b1a2cf17b3a45ddfd5faab3c111aff7fc0e"
dependencies = [
 "derive_more",
 "flex-error",
 "serde",
 "tendermint",
 "time",
]

[[package]]
name = "tendermint-proto"
version = "0.29.1"
source = "registry+https://github.com/rust-lang/crates.io-index"
checksum = "c943f78c929cdf14553842f705f2c30324bc35b9179caaa5c9b80620f60652e6"
dependencies = [
 "bytes",
 "flex-error",
 "num-derive",
 "num-traits",
 "prost",
 "prost-types",
 "serde",
 "serde_bytes",
 "subtle-encoding",
 "time",
]

[[package]]
name = "time"
version = "0.3.17"
source = "registry+https://github.com/rust-lang/crates.io-index"
checksum = "a561bf4617eebd33bca6434b988f39ed798e527f51a1e797d0ee4f61c0a38376"
dependencies = [
 "serde",
 "time-core",
 "time-macros",
]

[[package]]
name = "time-core"
version = "0.1.0"
source = "registry+https://github.com/rust-lang/crates.io-index"
checksum = "2e153e1f1acaef8acc537e68b44906d2db6436e2b35ac2c6b42640fff91f00fd"

[[package]]
name = "time-macros"
version = "0.2.6"
source = "registry+https://github.com/rust-lang/crates.io-index"
checksum = "d967f99f534ca7e495c575c62638eebc2898a8c84c119b89e250477bc4ba16b2"
dependencies = [
 "time-core",
]

[[package]]
name = "tiny-keccak"
version = "1.5.0"
source = "registry+https://github.com/rust-lang/crates.io-index"
checksum = "1d8a021c69bb74a44ccedb824a046447e2c84a01df9e5c20779750acb38e11b2"
dependencies = [
 "crunchy",
]

[[package]]
name = "tiny-keccak"
version = "2.0.2"
source = "registry+https://github.com/rust-lang/crates.io-index"
checksum = "2c9d3793400a45f954c52e73d068316d76b6f4e36977e3fcebb13a2721e80237"
dependencies = [
 "crunchy",
]

[[package]]
name = "toml"
version = "0.5.11"
source = "registry+https://github.com/rust-lang/crates.io-index"
checksum = "f4f7f0dd8d50a853a531c426359045b1998f04219d88799810762cd4ad314234"
dependencies = [
 "serde",
]

[[package]]
name = "toml_datetime"
version = "0.5.1"
source = "registry+https://github.com/rust-lang/crates.io-index"
checksum = "4553f467ac8e3d374bc9a177a26801e5d0f9b211aa1673fb137a403afd1c9cf5"

[[package]]
name = "toml_edit"
version = "0.18.1"
source = "registry+https://github.com/rust-lang/crates.io-index"
checksum = "56c59d8dd7d0dcbc6428bf7aa2f0e823e26e43b3c9aca15bbc9475d23e5fa12b"
dependencies = [
 "indexmap 1.9.2",
 "nom8",
 "toml_datetime",
]

[[package]]
name = "tracing"
version = "0.1.37"
source = "registry+https://github.com/rust-lang/crates.io-index"
checksum = "8ce8c33a8d48bd45d624a6e523445fd21ec13d3653cd51f681abf67418f54eb8"
dependencies = [
 "cfg-if",
 "pin-project-lite",
 "tracing-core",
]

[[package]]
name = "tracing-core"
version = "0.1.30"
source = "registry+https://github.com/rust-lang/crates.io-index"
checksum = "24eb03ba0eab1fd845050058ce5e616558e8f8d8fca633e6b163fe25c797213a"

[[package]]
name = "typenum"
version = "1.15.0"
source = "registry+https://github.com/rust-lang/crates.io-index"
checksum = "dcf81ac59edc17cc8697ff311e8f5ef2d99fcbd9817b34cec66f90b6c3dfd987"

[[package]]
name = "uint"
version = "0.9.4"
source = "registry+https://github.com/rust-lang/crates.io-index"
checksum = "a45526d29728d135c2900b0d30573fe3ee79fceb12ef534c7bb30e810a91b601"
dependencies = [
 "byteorder",
 "crunchy",
 "hex",
 "static_assertions",
]

[[package]]
name = "unarray"
version = "0.1.4"
source = "registry+https://github.com/rust-lang/crates.io-index"
checksum = "eaea85b334db583fe3274d12b4cd1880032beab409c0d774be044d4480ab9a94"

[[package]]
name = "unicode-ident"
version = "1.0.5"
source = "registry+https://github.com/rust-lang/crates.io-index"
checksum = "6ceab39d59e4c9499d4e5a8ee0e2735b891bb7308ac83dfb4e80cad195c9f6f3"

[[package]]
name = "unicode-xid"
version = "0.2.4"
source = "registry+https://github.com/rust-lang/crates.io-index"
checksum = "f962df74c8c05a667b5ee8bcf162993134c104e96440b663c8daa176dc772d8c"

[[package]]
name = "valuable"
version = "0.1.0"
source = "registry+https://github.com/rust-lang/crates.io-index"
checksum = "830b7e5d4d90034032940e4ace0d9a9a057e7a45cd94e6c007832e39edb82f6d"

[[package]]
name = "version_check"
version = "0.9.4"
source = "registry+https://github.com/rust-lang/crates.io-index"
checksum = "49874b5167b65d7193b8aba1567f5c7d93d001cafc34600cee003eda787e483f"

[[package]]
name = "zerocopy"
version = "0.7.32"
source = "registry+https://github.com/rust-lang/crates.io-index"
checksum = "74d4d3961e53fa4c9a25a8637fc2bfaf2595b3d3ae34875568a5cf64787716be"
dependencies = [
 "zerocopy-derive",
]

[[package]]
name = "zerocopy-derive"
version = "0.7.32"
source = "registry+https://github.com/rust-lang/crates.io-index"
checksum = "9ce1b18ccd8e73a9321186f97e46f9f04b778851177567b1975109d26a08d2a6"
dependencies = [
 "proc-macro2",
 "quote",
 "syn 2.0.32",
]

[[package]]
name = "zeroize"
version = "1.7.0"
source = "registry+https://github.com/rust-lang/crates.io-index"
checksum = "525b4ec142c6b68a2d10f01f7bbf6755599ca3f81ea53b8431b7dd348f5fdb2d"
dependencies = [
 "zeroize_derive",
]

[[package]]
name = "zeroize_derive"
version = "1.3.2"
source = "registry+https://github.com/rust-lang/crates.io-index"
checksum = "3f8f187641dad4f680d25c4bfc4225b418165984179f26ca76ec4fb6441d3a17"
dependencies = [
 "proc-macro2",
 "quote",
 "syn 1.0.103",
 "synstructure",
]
